
Microsoft Visual Studio Solution File, Format Version 12.00
# Visual Studio Version 16
VisualStudioVersion = 25.0.1706.11
MinimumVisualStudioVersion = 10.0.40219.1
Project("{FAE04EC0-301F-11D3-BF4B-00C04F79EFBC}") = "EscuelaMusica-BackEnd", "EscuelaMusica-BackEnd\EscuelaMusica-BackEnd.csproj", "{855B608D-4C1D-4AB1-A2F0-C87E15D403A8}"
EndProject
Global
	GlobalSection(SolutionConfigurationPlatforms) = preSolution
		Debug|Any CPU = Debug|Any CPU
		Release|Any CPU = Release|Any CPU
	EndGlobalSection
	GlobalSection(ProjectConfigurationPlatforms) = postSolution
		{855B608D-4C1D-4AB1-A2F0-C87E15D403A8}.Debug|Any CPU.ActiveCfg = Debug|Any CPU
		{855B608D-4C1D-4AB1-A2F0-C87E15D403A8}.Debug|Any CPU.Build.0 = Debug|Any CPU
		{855B608D-4C1D-4AB1-A2F0-C87E15D403A8}.Release|Any CPU.ActiveCfg = Release|Any CPU
		{855B608D-4C1D-4AB1-A2F0-C87E15D403A8}.Release|Any CPU.Build.0 = Release|Any CPU
	EndGlobalSection
	GlobalSection(SolutionProperties) = preSolution
		HideSolutionNode = FALSE
	EndGlobalSection
	GlobalSection(ExtensibilityGlobals) = postSolution
		SolutionGuid = {AB6553B8-CFCC-4774-92C0-132C7BFFF4FB}
	EndGlobalSection
EndGlobal
